
Microsoft Visual Studio Solution File, Format Version 12.00
Project("{FAE04EC0-301F-11D3-BF4B-00C04F79EFBC}") = "MainProject", "MainProject\MainProject.csproj", "{855E244B-A1B8-4FEE-AA49-187EA88E424D}"
EndProject
Global
	GlobalSection(SolutionConfigurationPlatforms) = preSolution
		Debug|Any CPU = Debug|Any CPU
		Release|Any CPU = Release|Any CPU
	EndGlobalSection
	GlobalSection(ProjectConfigurationPlatforms) = postSolution
		{855E244B-A1B8-4FEE-AA49-187EA88E424D}.Debug|Any CPU.ActiveCfg = Debug|Any CPU
		{855E244B-A1B8-4FEE-AA49-187EA88E424D}.Debug|Any CPU.Build.0 = Debug|Any CPU
		{855E244B-A1B8-4FEE-AA49-187EA88E424D}.Release|Any CPU.ActiveCfg = Release|Any CPU
		{855E244B-A1B8-4FEE-AA49-187EA88E424D}.Release|Any CPU.Build.0 = Release|Any CPU
	EndGlobalSection
EndGlobal
